
Microsoft Visual Studio Solution File, Format Version 12.00
# Visual Studio Version 16
VisualStudioVersion = 16.0.31229.75
MinimumVisualStudioVersion = 10.0.40219.1
Project("{8BC9CEB8-8B4A-11D0-8D11-00A0C91BC942}") = "Task_1", "intro_to_c\Task_1\Task_1.vcxproj", "{BC434540-A844-4B1F-9FEE-9FFE2ED4F130}"
EndProject
Project("{2150E333-8FDC-42A3-9474-1A3956D46DE8}") = "Intro to C", "Intro to C", "{6481DD73-D8E4-48BF-A775-B62C4BFB5BAD}"
EndProject
Project("{8BC9CEB8-8B4A-11D0-8D11-00A0C91BC942}") = "Task_2", "intro_to_c\Task_2\Task_2.vcxproj", "{C5E77DB3-24B6-4660-BE8E-2B0B1A2C1CF0}"
EndProject
Project("{8BC9CEB8-8B4A-11D0-8D11-00A0C91BC942}") = "Task_3", "intro_to_c\Task_3\Task_3.vcxproj", "{F34FEA7F-9B01-4E9B-9A7C-926CD0885A84}"
EndProject
Project("{8BC9CEB8-8B4A-11D0-8D11-00A0C91BC942}") = "Task_4", "intro_to_c\Task_4\Task_4.vcxproj", "{DD164FD9-61E5-4609-9105-5370A09F0275}"
EndProject
Project("{8BC9CEB8-8B4A-11D0-8D11-00A0C91BC942}") = "Task_5", "intro_to_c\Task_5\Task_5.vcxproj", "{F1151ED7-816D-4856-AEB4-B0029E580716}"
EndProject
Project("{8BC9CEB8-8B4A-11D0-8D11-00A0C91BC942}") = "Task_6", "intro_to_c\Task_6\Task_6.vcxproj", "{9785123F-A72A-44A9-9C27-FDBB2968B453}"
EndProject
Project("{2150E333-8FDC-42A3-9474-1A3956D46DE8}") = "Memory", "Memory", "{4E889527-508C-4991-BA2A-F217E9D2D42E}"
EndProject
Project("{8BC9CEB8-8B4A-11D0-8D11-00A0C91BC942}") = "task_8", "memory\task_8\task_8.vcxproj", "{765B0F47-4952-4E55-811D-42D3E2FD4461}"
EndProject
Project("{2150E333-8FDC-42A3-9474-1A3956D46DE8}") = "Dynamic Memory", "Dynamic Memory", "{8CC46EA9-787D-47B7-AA58-8240307A8F6F}"
EndProject
Project("{8BC9CEB8-8B4A-11D0-8D11-00A0C91BC942}") = "Task_2", "dynamic_memory\Task_2\Task_2.vcxproj", "{35C2AB8F-E470-4545-B6DB-D72B53682FE8}"
EndProject
Project("{8BC9CEB8-8B4A-11D0-8D11-00A0C91BC942}") = "Task_3", "dynamic_memory\Task_3\Task_3.vcxproj", "{1EC4B8A2-C1B1-4A2D-9BD1-84BA5705E40A}"
EndProject
Global
	GlobalSection(SolutionConfigurationPlatforms) = preSolution
		Debug|x64 = Debug|x64
		Debug|x86 = Debug|x86
		Release|x64 = Release|x64
		Release|x86 = Release|x86
	EndGlobalSection
	GlobalSection(ProjectConfigurationPlatforms) = postSolution
		{BC434540-A844-4B1F-9FEE-9FFE2ED4F130}.Debug|x64.ActiveCfg = Debug|x64
		{BC434540-A844-4B1F-9FEE-9FFE2ED4F130}.Debug|x64.Build.0 = Debug|x64
		{BC434540-A844-4B1F-9FEE-9FFE2ED4F130}.Debug|x86.ActiveCfg = Debug|Win32
		{BC434540-A844-4B1F-9FEE-9FFE2ED4F130}.Debug|x86.Build.0 = Debug|Win32
		{BC434540-A844-4B1F-9FEE-9FFE2ED4F130}.Release|x64.ActiveCfg = Release|x64
		{BC434540-A844-4B1F-9FEE-9FFE2ED4F130}.Release|x64.Build.0 = Release|x64
		{BC434540-A844-4B1F-9FEE-9FFE2ED4F130}.Release|x86.ActiveCfg = Release|Win32
		{BC434540-A844-4B1F-9FEE-9FFE2ED4F130}.Release|x86.Build.0 = Release|Win32
		{C5E77DB3-24B6-4660-BE8E-2B0B1A2C1CF0}.Debug|x64.ActiveCfg = Debug|x64
		{C5E77DB3-24B6-4660-BE8E-2B0B1A2C1CF0}.Debug|x64.Build.0 = Debug|x64
		{C5E77DB3-24B6-4660-BE8E-2B0B1A2C1CF0}.Debug|x86.ActiveCfg = Debug|Win32
		{C5E77DB3-24B6-4660-BE8E-2B0B1A2C1CF0}.Debug|x86.Build.0 = Debug|Win32
		{C5E77DB3-24B6-4660-BE8E-2B0B1A2C1CF0}.Release|x64.ActiveCfg = Release|x64
		{C5E77DB3-24B6-4660-BE8E-2B0B1A2C1CF0}.Release|x64.Build.0 = Release|x64
		{C5E77DB3-24B6-4660-BE8E-2B0B1A2C1CF0}.Release|x86.ActiveCfg = Release|Win32
		{C5E77DB3-24B6-4660-BE8E-2B0B1A2C1CF0}.Release|x86.Build.0 = Release|Win32
		{F34FEA7F-9B01-4E9B-9A7C-926CD0885A84}.Debug|x64.ActiveCfg = Debug|x64
		{F34FEA7F-9B01-4E9B-9A7C-926CD0885A84}.Debug|x64.Build.0 = Debug|x64
		{F34FEA7F-9B01-4E9B-9A7C-926CD0885A84}.Debug|x86.ActiveCfg = Debug|Win32
		{F34FEA7F-9B01-4E9B-9A7C-926CD0885A84}.Debug|x86.Build.0 = Debug|Win32
		{F34FEA7F-9B01-4E9B-9A7C-926CD0885A84}.Release|x64.ActiveCfg = Release|x64
		{F34FEA7F-9B01-4E9B-9A7C-926CD0885A84}.Release|x64.Build.0 = Release|x64
		{F34FEA7F-9B01-4E9B-9A7C-926CD0885A84}.Release|x86.ActiveCfg = Release|Win32
		{F34FEA7F-9B01-4E9B-9A7C-926CD0885A84}.Release|x86.Build.0 = Release|Win32
		{DD164FD9-61E5-4609-9105-5370A09F0275}.Debug|x64.ActiveCfg = Debug|x64
		{DD164FD9-61E5-4609-9105-5370A09F0275}.Debug|x64.Build.0 = Debug|x64
		{DD164FD9-61E5-4609-9105-5370A09F0275}.Debug|x86.ActiveCfg = Debug|Win32
		{DD164FD9-61E5-4609-9105-5370A09F0275}.Debug|x86.Build.0 = Debug|Win32
		{DD164FD9-61E5-4609-9105-5370A09F0275}.Release|x64.ActiveCfg = Release|x64
		{DD164FD9-61E5-4609-9105-5370A09F0275}.Release|x64.Build.0 = Release|x64
		{DD164FD9-61E5-4609-9105-5370A09F0275}.Release|x86.ActiveCfg = Release|Win32
		{DD164FD9-61E5-4609-9105-5370A09F0275}.Release|x86.Build.0 = Release|Win32
		{F1151ED7-816D-4856-AEB4-B0029E580716}.Debug|x64.ActiveCfg = Debug|x64
		{F1151ED7-816D-4856-AEB4-B0029E580716}.Debug|x64.Build.0 = Debug|x64
		{F1151ED7-816D-4856-AEB4-B0029E580716}.Debug|x86.ActiveCfg = Debug|Win32
		{F1151ED7-816D-4856-AEB4-B0029E580716}.Debug|x86.Build.0 = Debug|Win32
		{F1151ED7-816D-4856-AEB4-B0029E580716}.Release|x64.ActiveCfg = Release|x64
		{F1151ED7-816D-4856-AEB4-B0029E580716}.Release|x64.Build.0 = Release|x64
		{F1151ED7-816D-4856-AEB4-B0029E580716}.Release|x86.ActiveCfg = Release|Win32
		{F1151ED7-816D-4856-AEB4-B0029E580716}.Release|x86.Build.0 = Release|Win32
		{9785123F-A72A-44A9-9C27-FDBB2968B453}.Debug|x64.ActiveCfg = Debug|x64
		{9785123F-A72A-44A9-9C27-FDBB2968B453}.Debug|x64.Build.0 = Debug|x64
		{9785123F-A72A-44A9-9C27-FDBB2968B453}.Debug|x86.ActiveCfg = Debug|Win32
		{9785123F-A72A-44A9-9C27-FDBB2968B453}.Debug|x86.Build.0 = Debug|Win32
		{9785123F-A72A-44A9-9C27-FDBB2968B453}.Release|x64.ActiveCfg = Release|x64
		{9785123F-A72A-44A9-9C27-FDBB2968B453}.Release|x64.Build.0 = Release|x64
		{9785123F-A72A-44A9-9C27-FDBB2968B453}.Release|x86.ActiveCfg = Release|Win32
		{9785123F-A72A-44A9-9C27-FDBB2968B453}.Release|x86.Build.0 = Release|Win32
		{765B0F47-4952-4E55-811D-42D3E2FD4461}.Debug|x64.ActiveCfg = Debug|x64
		{765B0F47-4952-4E55-811D-42D3E2FD4461}.Debug|x64.Build.0 = Debug|x64
		{765B0F47-4952-4E55-811D-42D3E2FD4461}.Debug|x86.ActiveCfg = Debug|Win32
		{765B0F47-4952-4E55-811D-42D3E2FD4461}.Debug|x86.Build.0 = Debug|Win32
		{765B0F47-4952-4E55-811D-42D3E2FD4461}.Release|x64.ActiveCfg = Release|x64
		{765B0F47-4952-4E55-811D-42D3E2FD4461}.Release|x64.Build.0 = Release|x64
		{765B0F47-4952-4E55-811D-42D3E2FD4461}.Release|x86.ActiveCfg = Release|Win32
		{765B0F47-4952-4E55-811D-42D3E2FD4461}.Release|x86.Build.0 = Release|Win32
		{35C2AB8F-E470-4545-B6DB-D72B53682FE8}.Debug|x64.ActiveCfg = Debug|x64
		{35C2AB8F-E470-4545-B6DB-D72B53682FE8}.Debug|x64.Build.0 = Debug|x64
		{35C2AB8F-E470-4545-B6DB-D72B53682FE8}.Debug|x86.ActiveCfg = Debug|Win32
		{35C2AB8F-E470-4545-B6DB-D72B53682FE8}.Debug|x86.Build.0 = Debug|Win32
		{35C2AB8F-E470-4545-B6DB-D72B53682FE8}.Release|x64.ActiveCfg = Release|x64
		{35C2AB8F-E470-4545-B6DB-D72B53682FE8}.Release|x64.Build.0 = Release|x64
		{35C2AB8F-E470-4545-B6DB-D72B53682FE8}.Release|x86.ActiveCfg = Release|Win32
		{35C2AB8F-E470-4545-B6DB-D72B53682FE8}.Release|x86.Build.0 = Release|Win32
		{1EC4B8A2-C1B1-4A2D-9BD1-84BA5705E40A}.Debug|x64.ActiveCfg = Debug|x64
		{1EC4B8A2-C1B1-4A2D-9BD1-84BA5705E40A}.Debug|x64.Build.0 = Debug|x64
		{1EC4B8A2-C1B1-4A2D-9BD1-84BA5705E40A}.Debug|x86.ActiveCfg = Debug|Win32
		{1EC4B8A2-C1B1-4A2D-9BD1-84BA5705E40A}.Debug|x86.Build.0 = Debug|Win32
		{1EC4B8A2-C1B1-4A2D-9BD1-84BA5705E40A}.Release|x64.ActiveCfg = Release|x64
		{1EC4B8A2-C1B1-4A2D-9BD1-84BA5705E40A}.Release|x64.Build.0 = Release|x64
		{1EC4B8A2-C1B1-4A2D-9BD1-84BA5705E40A}.Release|x86.ActiveCfg = Release|Win32
		{1EC4B8A2-C1B1-4A2D-9BD1-84BA5705E40A}.Release|x86.Build.0 = Release|Win32
	EndGlobalSection
	GlobalSection(SolutionProperties) = preSolution
		HideSolutionNode = FALSE
	EndGlobalSection
	GlobalSection(NestedProjects) = preSolution
		{BC434540-A844-4B1F-9FEE-9FFE2ED4F130} = {6481DD73-D8E4-48BF-A775-B62C4BFB5BAD}
		{C5E77DB3-24B6-4660-BE8E-2B0B1A2C1CF0} = {6481DD73-D8E4-48BF-A775-B62C4BFB5BAD}
		{F34FEA7F-9B01-4E9B-9A7C-926CD0885A84} = {6481DD73-D8E4-48BF-A775-B62C4BFB5BAD}
		{DD164FD9-61E5-4609-9105-5370A09F0275} = {6481DD73-D8E4-48BF-A775-B62C4BFB5BAD}
		{F1151ED7-816D-4856-AEB4-B0029E580716} = {6481DD73-D8E4-48BF-A775-B62C4BFB5BAD}
		{9785123F-A72A-44A9-9C27-FDBB2968B453} = {6481DD73-D8E4-48BF-A775-B62C4BFB5BAD}
		{765B0F47-4952-4E55-811D-42D3E2FD4461} = {4E889527-508C-4991-BA2A-F217E9D2D42E}
		{35C2AB8F-E470-4545-B6DB-D72B53682FE8} = {8CC46EA9-787D-47B7-AA58-8240307A8F6F}
		{1EC4B8A2-C1B1-4A2D-9BD1-84BA5705E40A} = {8CC46EA9-787D-47B7-AA58-8240307A8F6F}
	EndGlobalSection
	GlobalSection(ExtensibilityGlobals) = postSolution
		SolutionGuid = {FDEC668E-5252-4D9E-A129-2CD2ED894C9B}
	EndGlobalSection
EndGlobal
